# THIS IS AN AUTOGENERATED FILE. DO NOT EDIT THIS FILE DIRECTLY.
# yarn lockfile v1


"@kaliber/web-push@*":
  version "1.0.1"
  resolved "https://registry.yarnpkg.com/@kaliber/web-push/-/web-push-1.0.1.tgz#16f1a4663066f6e98b21d958bfbb0b90cca33c67"
  integrity sha512-48AqiJ3G24zpRksUdMqIGBIPTZVfo0CiJ7lho9oj+gJqzSMR814SUNr79WVzVJuCSowLsWAZdKcM3lsdeVZS0g==
