{
  "name": "@kaliber/web-push",
  "version": "1.0.1",
  "lockfileVersion": 3,
  "requires": true,
  "packages": {
    "": {
      "name": "@kaliber/web-push",
      "version": "1.0.1",
      "license": "MIT",
      "bin": {
        "generate-vapid-keys": "scripts/generate-vapid-keys.js"
      },
      "devDependencies": {
        "jose": "^6.1.2"
      }
    },
    "node_modules/jose": {
      "version": "6.1.2",
      "resolved": "https://registry.npmjs.org/jose/-/jose-6.1.2.tgz",
      "integrity": "sha512-MpcPtHLE5EmztuFIqB0vzHAWJPpmN1E6L4oo+kze56LIs3MyXIj9ZHMDxqOvkP38gBR7K1v3jqd4WU2+nrfONQ==",
      "dev": true,
      "license": "MIT",
      "funding": {
        "url": "https://github.com/sponsors/panva"
      }
    }
  }
}
