{
  "name": "@kaliber/web-push",
  "version": "1.0.1",
  "lockfileVersion": 3,
  "requires": true,
  "packages": {
    "": {
      "name": "@kaliber/web-push",
      "version": "1.0.1",
      "license": "MIT",
      "bin": {
        "generate-vapid-keys": "scripts/generate-vapid-keys.js"
      }
    }
  }
}
